
Microsoft Visual Studio Solution File, Format Version 12.00
# Visual Studio Version 17
VisualStudioVersion = 17.0.32112.339
MinimumVisualStudioVersion = 10.0.40219.1
Project("{9A19103F-16F7-4668-BE54-9A1E7A4F7556}") = "L4T1Comparison", "Lesson3,1\L4T1Comparison.csproj", "{8840C15A-783E-4D8F-B1BC-8489C22FE5DC}"
EndProject
Project("{9A19103F-16F7-4668-BE54-9A1E7A4F7556}") = "L3T7NextDate", "L3T7NextDate\L3T7NextDate.csproj", "{8B74A8B0-3285-4260-B253-A165CBCE9BBA}"
EndProject
Project("{9A19103F-16F7-4668-BE54-9A1E7A4F7556}") = "L3T1Numder", "L3T1Numder\L3T1Numder.csproj", "{D2BCBEDE-29F1-49ED-A470-DA7DC6D87FA3}"
EndProject
Project("{9A19103F-16F7-4668-BE54-9A1E7A4F7556}") = "L3T2If", "L3T2If\L3T2If.csproj", "{AE733FAB-29FE-450F-8233-4ECBE946E8D4}"
EndProject
Project("{9A19103F-16F7-4668-BE54-9A1E7A4F7556}") = "L3T3MaxMin", "L3T3MaxMin\L3T3MaxMin.csproj", "{31BBC51F-5844-43EC-9769-F1E14102D827}"
EndProject
Project("{9A19103F-16F7-4668-BE54-9A1E7A4F7556}") = "L3T4Password", "L3T4Password\L3T4Password.csproj", "{FB2F7F86-639E-40F4-990E-32E54E340DA3}"
EndProject
Project("{9A19103F-16F7-4668-BE54-9A1E7A4F7556}") = "L3T5Year", "L3T5Year\L3T5Year.csproj", "{641801CA-F867-4E96-8D11-D8EC8BBAB648}"
EndProject
Project("{9A19103F-16F7-4668-BE54-9A1E7A4F7556}") = "L3T6YearOld", "L3T6YearOld\L3T6YearOld.csproj", "{C484A309-A965-44F9-A727-5D769EA68615}"
EndProject
Project("{9A19103F-16F7-4668-BE54-9A1E7A4F7556}") = "L3T8QuadraticEquation", "L3T8CudeX\L3T8QuadraticEquation.csproj", "{62964BF0-737B-4D42-ADAF-74C96F215F5E}"
EndProject
Project("{9A19103F-16F7-4668-BE54-9A1E7A4F7556}") = "L2T1", "L2T1\L2T1.csproj", "{8C818A7A-237D-4E46-BBC4-084E0D6D24B9}"
EndProject
Project("{9A19103F-16F7-4668-BE54-9A1E7A4F7556}") = "L3Kvartire", "L3Kvartire\L3Kvartire.csproj", "{C790D987-C061-4EF7-9689-3450CF8D2A3F}"
EndProject
Project("{9A19103F-16F7-4668-BE54-9A1E7A4F7556}") = "L4T1Comand", "L4T1\L4T1Comand.csproj", "{6CFA0A12-A002-4308-8B61-15E132775978}"
EndProject
Project("{9A19103F-16F7-4668-BE54-9A1E7A4F7556}") = "L4", "L4\L4.csproj", "{40DC8A2B-0DD8-4986-9866-4829634595AD}"
EndProject
Project("{9A19103F-16F7-4668-BE54-9A1E7A4F7556}") = "L4T3Comand4var", "L4T3\L4T3Comand4var.csproj", "{764BFD7C-5D13-41C3-9713-92C5B9A122CB}"
EndProject
Project("{9A19103F-16F7-4668-BE54-9A1E7A4F7556}") = "L4T4Sum", "L4T4\L4T4Sum.csproj", "{AC74AB71-5468-4149-96B8-3960BD29AF5F}"
EndProject
Project("{9A19103F-16F7-4668-BE54-9A1E7A4F7556}") = "L4T5MidSum", "L4T5\L4T5MidSum.csproj", "{BAEDCFB9-B228-4C2C-BD68-E717C2455AEF}"
EndProject
Project("{9A19103F-16F7-4668-BE54-9A1E7A4F7556}") = "L2T2", "L2T2\L2T2.csproj", "{8279D6E3-9917-4987-8AAA-2C9C70234665}"
EndProject
Project("{9A19103F-16F7-4668-BE54-9A1E7A4F7556}") = "L3T4Triangle", "L3T4Triangle\L3T4Triangle.csproj", "{C208FF57-DA9B-4670-8C80-27B205998685}"
EndProject
Project("{9A19103F-16F7-4668-BE54-9A1E7A4F7556}") = "L4T6Fibonachi", "L4T6Fibonachi\L4T6Fibonachi.csproj", "{89A68F32-2537-4508-9733-B588B011ED22}"
EndProject
Project("{9A19103F-16F7-4668-BE54-9A1E7A4F7556}") = "L4T7Whil-do", "L4T7Whil-do\L4T7Whil-do.csproj", "{4CD284D1-A83A-444C-A4BB-3DFB6C017D05}"
EndProject
Project("{9A19103F-16F7-4668-BE54-9A1E7A4F7556}") = "L4T8Number10InLine", "L4T8Number10InLine\L4T8Number10InLine.csproj", "{E8218657-9733-4538-8C4A-0566F8C07221}"
EndProject
Project("{9A19103F-16F7-4668-BE54-9A1E7A4F7556}") = "L4T10SumNuberinNuber", "L4T10SumNuberinNuber\L4T10SumNuberinNuber.csproj", "{D7C3335C-4905-4491-B3CA-338965E1E6CB}"
EndProject
Project("{9A19103F-16F7-4668-BE54-9A1E7A4F7556}") = "L6T1", "L6T1\L6T1.csproj", "{B5E0FFC3-39B8-4CD8-84A3-AA2EA41040DA}"
EndProject
Project("{9A19103F-16F7-4668-BE54-9A1E7A4F7556}") = "L6T2PrintAndRead", "L6T2PrintAndRead\L6T2PrintAndRead.csproj", "{4348531A-B771-4305-A605-B2E0AA69C599}"
EndProject
Project("{9A19103F-16F7-4668-BE54-9A1E7A4F7556}") = "L6T3Temp", "L6T3Temp\L6T3Temp.csproj", "{B5EB23FD-7E18-4E0C-9399-DB23C9591A94}"
EndProject
Project("{9A19103F-16F7-4668-BE54-9A1E7A4F7556}") = "L6T4Overload", "L6T4Overload\L6T4Overload.csproj", "{B9555AF8-7528-4C88-A244-752EFA67F6F1}"
EndProject
Project("{9A19103F-16F7-4668-BE54-9A1E7A4F7556}") = "L5T1", "L5T1\L5T1.csproj", "{6C85F722-7016-424A-803B-7AF34CFD81CA}"
EndProject
Project("{9A19103F-16F7-4668-BE54-9A1E7A4F7556}") = "L5T2", "L5T2\L5T2.csproj", "{74526EB4-F5DB-42BD-8818-22B42E6B70F5}"
EndProject
Project("{9A19103F-16F7-4668-BE54-9A1E7A4F7556}") = "L5T3", "L5T3\L5T3.csproj", "{C3F64E90-DF00-4AF2-87C2-A11EC94A298F}"
EndProject
Project("{9A19103F-16F7-4668-BE54-9A1E7A4F7556}") = "L5T4", "L5T4\L5T4.csproj", "{AF97510F-EF95-4C47-AB40-7E677F57C71F}"
EndProject
Project("{9A19103F-16F7-4668-BE54-9A1E7A4F7556}") = "L5T5", "L5T5\L5T5.csproj", "{7614DB74-2AC8-4CA3-9A8D-5139533F2033}"
EndProject
Project("{9A19103F-16F7-4668-BE54-9A1E7A4F7556}") = "L5T6", "L5T6\L5T6.csproj", "{7B817AAA-CD7B-4312-B8C0-511DA9B89CFE}"
EndProject
Project("{9A19103F-16F7-4668-BE54-9A1E7A4F7556}") = "L5T7", "L5T7\L5T7.csproj", "{9A168DAC-AFEE-4AAE-936C-0DAAAAF320C3}"
EndProject
Project("{9A19103F-16F7-4668-BE54-9A1E7A4F7556}") = "L5T8", "L5T8\L5T8.csproj", "{F0743AE1-05CB-4D2E-AA8A-84262DA167E9}"
EndProject
Project("{FAE04EC0-301F-11D3-BF4B-00C04F79EFBC}") = "L5T9", "L5T9\L5T9.csproj", "{BC6A0266-C08E-42E4-9533-32655AA30115}"
EndProject
Global
	GlobalSection(SolutionConfigurationPlatforms) = preSolution
		Debug|Any CPU = Debug|Any CPU
		Release|Any CPU = Release|Any CPU
	EndGlobalSection
	GlobalSection(ProjectConfigurationPlatforms) = postSolution
		{8840C15A-783E-4D8F-B1BC-8489C22FE5DC}.Debug|Any CPU.ActiveCfg = Debug|Any CPU
		{8840C15A-783E-4D8F-B1BC-8489C22FE5DC}.Debug|Any CPU.Build.0 = Debug|Any CPU
		{8840C15A-783E-4D8F-B1BC-8489C22FE5DC}.Release|Any CPU.ActiveCfg = Release|Any CPU
		{8840C15A-783E-4D8F-B1BC-8489C22FE5DC}.Release|Any CPU.Build.0 = Release|Any CPU
		{8B74A8B0-3285-4260-B253-A165CBCE9BBA}.Debug|Any CPU.ActiveCfg = Debug|Any CPU
		{8B74A8B0-3285-4260-B253-A165CBCE9BBA}.Debug|Any CPU.Build.0 = Debug|Any CPU
		{8B74A8B0-3285-4260-B253-A165CBCE9BBA}.Release|Any CPU.ActiveCfg = Release|Any CPU
		{8B74A8B0-3285-4260-B253-A165CBCE9BBA}.Release|Any CPU.Build.0 = Release|Any CPU
		{D2BCBEDE-29F1-49ED-A470-DA7DC6D87FA3}.Debug|Any CPU.ActiveCfg = Debug|Any CPU
		{D2BCBEDE-29F1-49ED-A470-DA7DC6D87FA3}.Debug|Any CPU.Build.0 = Debug|Any CPU
		{D2BCBEDE-29F1-49ED-A470-DA7DC6D87FA3}.Release|Any CPU.ActiveCfg = Release|Any CPU
		{D2BCBEDE-29F1-49ED-A470-DA7DC6D87FA3}.Release|Any CPU.Build.0 = Release|Any CPU
		{AE733FAB-29FE-450F-8233-4ECBE946E8D4}.Debug|Any CPU.ActiveCfg = Debug|Any CPU
		{AE733FAB-29FE-450F-8233-4ECBE946E8D4}.Debug|Any CPU.Build.0 = Debug|Any CPU
		{AE733FAB-29FE-450F-8233-4ECBE946E8D4}.Release|Any CPU.ActiveCfg = Release|Any CPU
		{AE733FAB-29FE-450F-8233-4ECBE946E8D4}.Release|Any CPU.Build.0 = Release|Any CPU
		{31BBC51F-5844-43EC-9769-F1E14102D827}.Debug|Any CPU.ActiveCfg = Debug|Any CPU
		{31BBC51F-5844-43EC-9769-F1E14102D827}.Debug|Any CPU.Build.0 = Debug|Any CPU
		{31BBC51F-5844-43EC-9769-F1E14102D827}.Release|Any CPU.ActiveCfg = Release|Any CPU
		{31BBC51F-5844-43EC-9769-F1E14102D827}.Release|Any CPU.Build.0 = Release|Any CPU
		{FB2F7F86-639E-40F4-990E-32E54E340DA3}.Debug|Any CPU.ActiveCfg = Debug|Any CPU
		{FB2F7F86-639E-40F4-990E-32E54E340DA3}.Debug|Any CPU.Build.0 = Debug|Any CPU
		{FB2F7F86-639E-40F4-990E-32E54E340DA3}.Release|Any CPU.ActiveCfg = Release|Any CPU
		{FB2F7F86-639E-40F4-990E-32E54E340DA3}.Release|Any CPU.Build.0 = Release|Any CPU
		{641801CA-F867-4E96-8D11-D8EC8BBAB648}.Debug|Any CPU.ActiveCfg = Debug|Any CPU
		{641801CA-F867-4E96-8D11-D8EC8BBAB648}.Debug|Any CPU.Build.0 = Debug|Any CPU
		{641801CA-F867-4E96-8D11-D8EC8BBAB648}.Release|Any CPU.ActiveCfg = Release|Any CPU
		{641801CA-F867-4E96-8D11-D8EC8BBAB648}.Release|Any CPU.Build.0 = Release|Any CPU
		{C484A309-A965-44F9-A727-5D769EA68615}.Debug|Any CPU.ActiveCfg = Debug|Any CPU
		{C484A309-A965-44F9-A727-5D769EA68615}.Debug|Any CPU.Build.0 = Debug|Any CPU
		{C484A309-A965-44F9-A727-5D769EA68615}.Release|Any CPU.ActiveCfg = Release|Any CPU
		{C484A309-A965-44F9-A727-5D769EA68615}.Release|Any CPU.Build.0 = Release|Any CPU
		{62964BF0-737B-4D42-ADAF-74C96F215F5E}.Debug|Any CPU.ActiveCfg = Debug|Any CPU
		{62964BF0-737B-4D42-ADAF-74C96F215F5E}.Debug|Any CPU.Build.0 = Debug|Any CPU
		{62964BF0-737B-4D42-ADAF-74C96F215F5E}.Release|Any CPU.ActiveCfg = Release|Any CPU
		{62964BF0-737B-4D42-ADAF-74C96F215F5E}.Release|Any CPU.Build.0 = Release|Any CPU
		{8C818A7A-237D-4E46-BBC4-084E0D6D24B9}.Debug|Any CPU.ActiveCfg = Debug|Any CPU
		{8C818A7A-237D-4E46-BBC4-084E0D6D24B9}.Debug|Any CPU.Build.0 = Debug|Any CPU
		{8C818A7A-237D-4E46-BBC4-084E0D6D24B9}.Release|Any CPU.ActiveCfg = Release|Any CPU
		{8C818A7A-237D-4E46-BBC4-084E0D6D24B9}.Release|Any CPU.Build.0 = Release|Any CPU
		{C790D987-C061-4EF7-9689-3450CF8D2A3F}.Debug|Any CPU.ActiveCfg = Debug|Any CPU
		{C790D987-C061-4EF7-9689-3450CF8D2A3F}.Debug|Any CPU.Build.0 = Debug|Any CPU
		{C790D987-C061-4EF7-9689-3450CF8D2A3F}.Release|Any CPU.ActiveCfg = Release|Any CPU
		{C790D987-C061-4EF7-9689-3450CF8D2A3F}.Release|Any CPU.Build.0 = Release|Any CPU
		{6CFA0A12-A002-4308-8B61-15E132775978}.Debug|Any CPU.ActiveCfg = Debug|Any CPU
		{6CFA0A12-A002-4308-8B61-15E132775978}.Debug|Any CPU.Build.0 = Debug|Any CPU
		{6CFA0A12-A002-4308-8B61-15E132775978}.Release|Any CPU.ActiveCfg = Release|Any CPU
		{6CFA0A12-A002-4308-8B61-15E132775978}.Release|Any CPU.Build.0 = Release|Any CPU
		{40DC8A2B-0DD8-4986-9866-4829634595AD}.Debug|Any CPU.ActiveCfg = Debug|Any CPU
		{40DC8A2B-0DD8-4986-9866-4829634595AD}.Debug|Any CPU.Build.0 = Debug|Any CPU
		{40DC8A2B-0DD8-4986-9866-4829634595AD}.Release|Any CPU.ActiveCfg = Release|Any CPU
		{40DC8A2B-0DD8-4986-9866-4829634595AD}.Release|Any CPU.Build.0 = Release|Any CPU
		{764BFD7C-5D13-41C3-9713-92C5B9A122CB}.Debug|Any CPU.ActiveCfg = Debug|Any CPU
		{764BFD7C-5D13-41C3-9713-92C5B9A122CB}.Debug|Any CPU.Build.0 = Debug|Any CPU
		{764BFD7C-5D13-41C3-9713-92C5B9A122CB}.Release|Any CPU.ActiveCfg = Release|Any CPU
		{764BFD7C-5D13-41C3-9713-92C5B9A122CB}.Release|Any CPU.Build.0 = Release|Any CPU
		{AC74AB71-5468-4149-96B8-3960BD29AF5F}.Debug|Any CPU.ActiveCfg = Debug|Any CPU
		{AC74AB71-5468-4149-96B8-3960BD29AF5F}.Debug|Any CPU.Build.0 = Debug|Any CPU
		{AC74AB71-5468-4149-96B8-3960BD29AF5F}.Release|Any CPU.ActiveCfg = Release|Any CPU
		{AC74AB71-5468-4149-96B8-3960BD29AF5F}.Release|Any CPU.Build.0 = Release|Any CPU
		{BAEDCFB9-B228-4C2C-BD68-E717C2455AEF}.Debug|Any CPU.ActiveCfg = Debug|Any CPU
		{BAEDCFB9-B228-4C2C-BD68-E717C2455AEF}.Debug|Any CPU.Build.0 = Debug|Any CPU
		{BAEDCFB9-B228-4C2C-BD68-E717C2455AEF}.Release|Any CPU.ActiveCfg = Release|Any CPU
		{BAEDCFB9-B228-4C2C-BD68-E717C2455AEF}.Release|Any CPU.Build.0 = Release|Any CPU
		{8279D6E3-9917-4987-8AAA-2C9C70234665}.Debug|Any CPU.ActiveCfg = Debug|Any CPU
		{8279D6E3-9917-4987-8AAA-2C9C70234665}.Debug|Any CPU.Build.0 = Debug|Any CPU
		{8279D6E3-9917-4987-8AAA-2C9C70234665}.Release|Any CPU.ActiveCfg = Release|Any CPU
		{8279D6E3-9917-4987-8AAA-2C9C70234665}.Release|Any CPU.Build.0 = Release|Any CPU
		{C208FF57-DA9B-4670-8C80-27B205998685}.Debug|Any CPU.ActiveCfg = Debug|Any CPU
		{C208FF57-DA9B-4670-8C80-27B205998685}.Debug|Any CPU.Build.0 = Debug|Any CPU
		{C208FF57-DA9B-4670-8C80-27B205998685}.Release|Any CPU.ActiveCfg = Release|Any CPU
		{C208FF57-DA9B-4670-8C80-27B205998685}.Release|Any CPU.Build.0 = Release|Any CPU
		{89A68F32-2537-4508-9733-B588B011ED22}.Debug|Any CPU.ActiveCfg = Debug|Any CPU
		{89A68F32-2537-4508-9733-B588B011ED22}.Debug|Any CPU.Build.0 = Debug|Any CPU
		{89A68F32-2537-4508-9733-B588B011ED22}.Release|Any CPU.ActiveCfg = Release|Any CPU
		{89A68F32-2537-4508-9733-B588B011ED22}.Release|Any CPU.Build.0 = Release|Any CPU
		{4CD284D1-A83A-444C-A4BB-3DFB6C017D05}.Debug|Any CPU.ActiveCfg = Debug|Any CPU
		{4CD284D1-A83A-444C-A4BB-3DFB6C017D05}.Debug|Any CPU.Build.0 = Debug|Any CPU
		{4CD284D1-A83A-444C-A4BB-3DFB6C017D05}.Release|Any CPU.ActiveCfg = Release|Any CPU
		{4CD284D1-A83A-444C-A4BB-3DFB6C017D05}.Release|Any CPU.Build.0 = Release|Any CPU
		{E8218657-9733-4538-8C4A-0566F8C07221}.Debug|Any CPU.ActiveCfg = Debug|Any CPU
		{E8218657-9733-4538-8C4A-0566F8C07221}.Debug|Any CPU.Build.0 = Debug|Any CPU
		{E8218657-9733-4538-8C4A-0566F8C07221}.Release|Any CPU.ActiveCfg = Release|Any CPU
		{E8218657-9733-4538-8C4A-0566F8C07221}.Release|Any CPU.Build.0 = Release|Any CPU
		{D7C3335C-4905-4491-B3CA-338965E1E6CB}.Debug|Any CPU.ActiveCfg = Debug|Any CPU
		{D7C3335C-4905-4491-B3CA-338965E1E6CB}.Debug|Any CPU.Build.0 = Debug|Any CPU
		{D7C3335C-4905-4491-B3CA-338965E1E6CB}.Release|Any CPU.ActiveCfg = Release|Any CPU
		{D7C3335C-4905-4491-B3CA-338965E1E6CB}.Release|Any CPU.Build.0 = Release|Any CPU
		{B5E0FFC3-39B8-4CD8-84A3-AA2EA41040DA}.Debug|Any CPU.ActiveCfg = Debug|Any CPU
		{B5E0FFC3-39B8-4CD8-84A3-AA2EA41040DA}.Debug|Any CPU.Build.0 = Debug|Any CPU
		{B5E0FFC3-39B8-4CD8-84A3-AA2EA41040DA}.Release|Any CPU.ActiveCfg = Release|Any CPU
		{B5E0FFC3-39B8-4CD8-84A3-AA2EA41040DA}.Release|Any CPU.Build.0 = Release|Any CPU
		{4348531A-B771-4305-A605-B2E0AA69C599}.Debug|Any CPU.ActiveCfg = Debug|Any CPU
		{4348531A-B771-4305-A605-B2E0AA69C599}.Debug|Any CPU.Build.0 = Debug|Any CPU
		{4348531A-B771-4305-A605-B2E0AA69C599}.Release|Any CPU.ActiveCfg = Release|Any CPU
		{4348531A-B771-4305-A605-B2E0AA69C599}.Release|Any CPU.Build.0 = Release|Any CPU
		{B5EB23FD-7E18-4E0C-9399-DB23C9591A94}.Debug|Any CPU.ActiveCfg = Debug|Any CPU
		{B5EB23FD-7E18-4E0C-9399-DB23C9591A94}.Debug|Any CPU.Build.0 = Debug|Any CPU
		{B5EB23FD-7E18-4E0C-9399-DB23C9591A94}.Release|Any CPU.ActiveCfg = Release|Any CPU
		{B5EB23FD-7E18-4E0C-9399-DB23C9591A94}.Release|Any CPU.Build.0 = Release|Any CPU
		{B9555AF8-7528-4C88-A244-752EFA67F6F1}.Debug|Any CPU.ActiveCfg = Debug|Any CPU
		{B9555AF8-7528-4C88-A244-752EFA67F6F1}.Debug|Any CPU.Build.0 = Debug|Any CPU
		{B9555AF8-7528-4C88-A244-752EFA67F6F1}.Release|Any CPU.ActiveCfg = Release|Any CPU
		{B9555AF8-7528-4C88-A244-752EFA67F6F1}.Release|Any CPU.Build.0 = Release|Any CPU
		{6C85F722-7016-424A-803B-7AF34CFD81CA}.Debug|Any CPU.ActiveCfg = Debug|Any CPU
		{6C85F722-7016-424A-803B-7AF34CFD81CA}.Debug|Any CPU.Build.0 = Debug|Any CPU
		{6C85F722-7016-424A-803B-7AF34CFD81CA}.Release|Any CPU.ActiveCfg = Release|Any CPU
		{6C85F722-7016-424A-803B-7AF34CFD81CA}.Release|Any CPU.Build.0 = Release|Any CPU
		{74526EB4-F5DB-42BD-8818-22B42E6B70F5}.Debug|Any CPU.ActiveCfg = Debug|Any CPU
		{74526EB4-F5DB-42BD-8818-22B42E6B70F5}.Debug|Any CPU.Build.0 = Debug|Any CPU
		{74526EB4-F5DB-42BD-8818-22B42E6B70F5}.Release|Any CPU.ActiveCfg = Release|Any CPU
		{74526EB4-F5DB-42BD-8818-22B42E6B70F5}.Release|Any CPU.Build.0 = Release|Any CPU
		{C3F64E90-DF00-4AF2-87C2-A11EC94A298F}.Debug|Any CPU.ActiveCfg = Debug|Any CPU
		{C3F64E90-DF00-4AF2-87C2-A11EC94A298F}.Debug|Any CPU.Build.0 = Debug|Any CPU
		{C3F64E90-DF00-4AF2-87C2-A11EC94A298F}.Release|Any CPU.ActiveCfg = Release|Any CPU
		{C3F64E90-DF00-4AF2-87C2-A11EC94A298F}.Release|Any CPU.Build.0 = Release|Any CPU
		{AF97510F-EF95-4C47-AB40-7E677F57C71F}.Debug|Any CPU.ActiveCfg = Debug|Any CPU
		{AF97510F-EF95-4C47-AB40-7E677F57C71F}.Debug|Any CPU.Build.0 = Debug|Any CPU
		{AF97510F-EF95-4C47-AB40-7E677F57C71F}.Release|Any CPU.ActiveCfg = Release|Any CPU
		{AF97510F-EF95-4C47-AB40-7E677F57C71F}.Release|Any CPU.Build.0 = Release|Any CPU
		{7614DB74-2AC8-4CA3-9A8D-5139533F2033}.Debug|Any CPU.ActiveCfg = Debug|Any CPU
		{7614DB74-2AC8-4CA3-9A8D-5139533F2033}.Debug|Any CPU.Build.0 = Debug|Any CPU
		{7614DB74-2AC8-4CA3-9A8D-5139533F2033}.Release|Any CPU.ActiveCfg = Release|Any CPU
		{7614DB74-2AC8-4CA3-9A8D-5139533F2033}.Release|Any CPU.Build.0 = Release|Any CPU
		{7B817AAA-CD7B-4312-B8C0-511DA9B89CFE}.Debug|Any CPU.ActiveCfg = Debug|Any CPU
		{7B817AAA-CD7B-4312-B8C0-511DA9B89CFE}.Debug|Any CPU.Build.0 = Debug|Any CPU
		{7B817AAA-CD7B-4312-B8C0-511DA9B89CFE}.Release|Any CPU.ActiveCfg = Release|Any CPU
		{7B817AAA-CD7B-4312-B8C0-511DA9B89CFE}.Release|Any CPU.Build.0 = Release|Any CPU
		{9A168DAC-AFEE-4AAE-936C-0DAAAAF320C3}.Debug|Any CPU.ActiveCfg = Debug|Any CPU
		{9A168DAC-AFEE-4AAE-936C-0DAAAAF320C3}.Debug|Any CPU.Build.0 = Debug|Any CPU
		{9A168DAC-AFEE-4AAE-936C-0DAAAAF320C3}.Release|Any CPU.ActiveCfg = Release|Any CPU
		{9A168DAC-AFEE-4AAE-936C-0DAAAAF320C3}.Release|Any CPU.Build.0 = Release|Any CPU
		{F0743AE1-05CB-4D2E-AA8A-84262DA167E9}.Debug|Any CPU.ActiveCfg = Debug|Any CPU
		{F0743AE1-05CB-4D2E-AA8A-84262DA167E9}.Debug|Any CPU.Build.0 = Debug|Any CPU
		{F0743AE1-05CB-4D2E-AA8A-84262DA167E9}.Release|Any CPU.ActiveCfg = Release|Any CPU
		{F0743AE1-05CB-4D2E-AA8A-84262DA167E9}.Release|Any CPU.Build.0 = Release|Any CPU
		{BC6A0266-C08E-42E4-9533-32655AA30115}.Debug|Any CPU.ActiveCfg = Debug|Any CPU
		{BC6A0266-C08E-42E4-9533-32655AA30115}.Debug|Any CPU.Build.0 = Debug|Any CPU
		{BC6A0266-C08E-42E4-9533-32655AA30115}.Release|Any CPU.ActiveCfg = Release|Any CPU
		{BC6A0266-C08E-42E4-9533-32655AA30115}.Release|Any CPU.Build.0 = Release|Any CPU
	EndGlobalSection
	GlobalSection(SolutionProperties) = preSolution
		HideSolutionNode = FALSE
	EndGlobalSection
	GlobalSection(ExtensibilityGlobals) = postSolution
		SolutionGuid = {46E29A98-57CA-4925-B4D2-D1CB0AE9A3F6}
	EndGlobalSection
EndGlobal
