
Microsoft Visual Studio Solution File, Format Version 12.00
# Visual Studio Version 17
VisualStudioVersion = 17.0.32112.339
MinimumVisualStudioVersion = 10.0.40219.1
Project("{9A19103F-16F7-4668-BE54-9A1E7A4F7556}") = "L4T1Comparison", "Lesson3,1\L4T1Comparison.csproj", "{8840C15A-783E-4D8F-B1BC-8489C22FE5DC}"
EndProject
Project("{9A19103F-16F7-4668-BE54-9A1E7A4F7556}") = "L3T7NextDate", "L3T7NextDate\L3T7NextDate.csproj", "{8B74A8B0-3285-4260-B253-A165CBCE9BBA}"
EndProject
Project("{9A19103F-16F7-4668-BE54-9A1E7A4F7556}") = "L3T1Numder", "L3T1Numder\L3T1Numder.csproj", "{D2BCBEDE-29F1-49ED-A470-DA7DC6D87FA3}"
EndProject
Project("{9A19103F-16F7-4668-BE54-9A1E7A4F7556}") = "L3T2If", "L3T2If\L3T2If.csproj", "{AE733FAB-29FE-450F-8233-4ECBE946E8D4}"
EndProject
Project("{9A19103F-16F7-4668-BE54-9A1E7A4F7556}") = "L3T3MaxMin", "L3T3MaxMin\L3T3MaxMin.csproj", "{31BBC51F-5844-43EC-9769-F1E14102D827}"
EndProject
Project("{9A19103F-16F7-4668-BE54-9A1E7A4F7556}") = "L3T4Password", "L3T4Password\L3T4Password.csproj", "{FB2F7F86-639E-40F4-990E-32E54E340DA3}"
EndProject
Project("{9A19103F-16F7-4668-BE54-9A1E7A4F7556}") = "L3T5Year", "L3T5Year\L3T5Year.csproj", "{641801CA-F867-4E96-8D11-D8EC8BBAB648}"
EndProject
Project("{9A19103F-16F7-4668-BE54-9A1E7A4F7556}") = "L3T6YearOld", "L3T6YearOld\L3T6YearOld.csproj", "{C484A309-A965-44F9-A727-5D769EA68615}"
EndProject
Project("{9A19103F-16F7-4668-BE54-9A1E7A4F7556}") = "L3T8QuadraticEquation", "L3T8CudeX\L3T8QuadraticEquation.csproj", "{62964BF0-737B-4D42-ADAF-74C96F215F5E}"
EndProject
Project("{9A19103F-16F7-4668-BE54-9A1E7A4F7556}") = "L2T1", "L2T1\L2T1.csproj", "{8C818A7A-237D-4E46-BBC4-084E0D6D24B9}"
EndProject
Project("{9A19103F-16F7-4668-BE54-9A1E7A4F7556}") = "L3Kvartire", "L3Kvartire\L3Kvartire.csproj", "{C790D987-C061-4EF7-9689-3450CF8D2A3F}"
EndProject
Project("{9A19103F-16F7-4668-BE54-9A1E7A4F7556}") = "L4T1Comand", "L4T1\L4T1Comand.csproj", "{6CFA0A12-A002-4308-8B61-15E132775978}"
EndProject
Project("{9A19103F-16F7-4668-BE54-9A1E7A4F7556}") = "L4T", "L4\L4T.csproj", "{40DC8A2B-0DD8-4986-9866-4829634595AD}"
EndProject
Project("{9A19103F-16F7-4668-BE54-9A1E7A4F7556}") = "L4T3Comand4var", "L4T3\L4T3Comand4var.csproj", "{764BFD7C-5D13-41C3-9713-92C5B9A122CB}"
EndProject
Project("{9A19103F-16F7-4668-BE54-9A1E7A4F7556}") = "L4T4Sum", "L4T4\L4T4Sum.csproj", "{AC74AB71-5468-4149-96B8-3960BD29AF5F}"
EndProject
Project("{9A19103F-16F7-4668-BE54-9A1E7A4F7556}") = "L4T5MidSum", "L4T5\L4T5MidSum.csproj", "{BAEDCFB9-B228-4C2C-BD68-E717C2455AEF}"
EndProject
Project("{9A19103F-16F7-4668-BE54-9A1E7A4F7556}") = "L2T2", "L2T2\L2T2.csproj", "{8279D6E3-9917-4987-8AAA-2C9C70234665}"
EndProject
Project("{9A19103F-16F7-4668-BE54-9A1E7A4F7556}") = "L3T4Triangle", "L3T4Triangle\L3T4Triangle.csproj", "{C208FF57-DA9B-4670-8C80-27B205998685}"
EndProject
Project("{9A19103F-16F7-4668-BE54-9A1E7A4F7556}") = "L4T6Fibonachi", "L4T6Fibonachi\L4T6Fibonachi.csproj", "{89A68F32-2537-4508-9733-B588B011ED22}"
EndProject
Project("{9A19103F-16F7-4668-BE54-9A1E7A4F7556}") = "L4T7Whil-do", "L4T7Whil-do\L4T7Whil-do.csproj", "{4CD284D1-A83A-444C-A4BB-3DFB6C017D05}"
EndProject
Project("{9A19103F-16F7-4668-BE54-9A1E7A4F7556}") = "L4T8Number10InLine", "L4T8Number10InLine\L4T8Number10InLine.csproj", "{E8218657-9733-4538-8C4A-0566F8C07221}"
EndProject
Project("{9A19103F-16F7-4668-BE54-9A1E7A4F7556}") = "L4T10SumNuberinNuber", "L4T10SumNuberinNuber\L4T10SumNuberinNuber.csproj", "{D7C3335C-4905-4491-B3CA-338965E1E6CB}"
EndProject
Project("{9A19103F-16F7-4668-BE54-9A1E7A4F7556}") = "L6T1", "L6T1\L6T1.csproj", "{B5E0FFC3-39B8-4CD8-84A3-AA2EA41040DA}"
EndProject
Project("{9A19103F-16F7-4668-BE54-9A1E7A4F7556}") = "L6T2PrintAndRead", "L6T2PrintAndRead\L6T2PrintAndRead.csproj", "{4348531A-B771-4305-A605-B2E0AA69C599}"
EndProject
Project("{9A19103F-16F7-4668-BE54-9A1E7A4F7556}") = "L6T3Temp", "L6T3Temp\L6T3Temp.csproj", "{B5EB23FD-7E18-4E0C-9399-DB23C9591A94}"
EndProject
Project("{9A19103F-16F7-4668-BE54-9A1E7A4F7556}") = "L6T4Overload", "L6T4Overload\L6T4Overload.csproj", "{B9555AF8-7528-4C88-A244-752EFA67F6F1}"
EndProject
Project("{9A19103F-16F7-4668-BE54-9A1E7A4F7556}") = "L5T1", "L5T1\L5T1.csproj", "{6C85F722-7016-424A-803B-7AF34CFD81CA}"
EndProject
Project("{9A19103F-16F7-4668-BE54-9A1E7A4F7556}") = "L5T2", "L5T2\L5T2.csproj", "{74526EB4-F5DB-42BD-8818-22B42E6B70F5}"
EndProject
Project("{9A19103F-16F7-4668-BE54-9A1E7A4F7556}") = "L5T3", "L5T3\L5T3.csproj", "{C3F64E90-DF00-4AF2-87C2-A11EC94A298F}"
EndProject
Project("{9A19103F-16F7-4668-BE54-9A1E7A4F7556}") = "L5T4", "L5T4\L5T4.csproj", "{AF97510F-EF95-4C47-AB40-7E677F57C71F}"
EndProject
Project("{9A19103F-16F7-4668-BE54-9A1E7A4F7556}") = "L5T5", "L5T5\L5T5.csproj", "{7614DB74-2AC8-4CA3-9A8D-5139533F2033}"
EndProject
Project("{9A19103F-16F7-4668-BE54-9A1E7A4F7556}") = "L5T6", "L5T6\L5T6.csproj", "{7B817AAA-CD7B-4312-B8C0-511DA9B89CFE}"
EndProject
Project("{9A19103F-16F7-4668-BE54-9A1E7A4F7556}") = "L5T7", "L5T7\L5T7.csproj", "{9A168DAC-AFEE-4AAE-936C-0DAAAAF320C3}"
EndProject
Project("{9A19103F-16F7-4668-BE54-9A1E7A4F7556}") = "L5T8", "L5T8\L5T8.csproj", "{F0743AE1-05CB-4D2E-AA8A-84262DA167E9}"
EndProject
Project("{9A19103F-16F7-4668-BE54-9A1E7A4F7556}") = "L5T9", "L5T9\L5T9.csproj", "{BC6A0266-C08E-42E4-9533-32655AA30115}"
EndProject
Project("{9A19103F-16F7-4668-BE54-9A1E7A4F7556}") = "L6T5", "L6T5\L6T5.csproj", "{8C573F86-91D9-46E0-BA3B-9D16722D4F10}"
EndProject
Project("{9A19103F-16F7-4668-BE54-9A1E7A4F7556}") = "L7T1", "L7T1\L7T1.csproj", "{EA65248A-0BC5-4471-A872-42BC5C2CEC6D}"
EndProject
Project("{9A19103F-16F7-4668-BE54-9A1E7A4F7556}") = "L7T2", "L7T2\L7T2.csproj", "{B5B424F6-3F98-4450-B9A8-BABA252C0F34}"
EndProject
Project("{9A19103F-16F7-4668-BE54-9A1E7A4F7556}") = "L8T1", "L8T1\L8T1.csproj", "{417F1925-6787-4DC5-8414-6C1170F0217F}"
EndProject
Project("{9A19103F-16F7-4668-BE54-9A1E7A4F7556}") = "L8T2", "L8T2\L8T2.csproj", "{A5C158F0-04E4-4C07-B4D5-0031755B8C25}"
EndProject
Project("{9A19103F-16F7-4668-BE54-9A1E7A4F7556}") = "L8T3", "L8T3\L8T3.csproj", "{E08CB6B1-85A6-4687-8589-50120F84CCC1}"
EndProject
Project("{9A19103F-16F7-4668-BE54-9A1E7A4F7556}") = "L9T1", "L9T1\L9T1.csproj", "{21399676-A073-4F4F-8E2D-91FC158A16D3}"
EndProject
Project("{9A19103F-16F7-4668-BE54-9A1E7A4F7556}") = "L9T3", "L9T3\L9T3.csproj", "{9517B95B-50F1-4B84-80E0-DF1F9AC6BE1D}"
EndProject
Project("{9A19103F-16F7-4668-BE54-9A1E7A4F7556}") = "L9T5", "L9T4\L9T5.csproj", "{65E4B949-EED8-49B7-BD84-91E0EB7B86CA}"
EndProject
Project("{2150E333-8FDC-42A3-9474-1A3956D46DE8}") = "L2", "L2", "{D14B1692-9427-4BAC-963F-89EC9505899B}"
EndProject
Project("{2150E333-8FDC-42A3-9474-1A3956D46DE8}") = "L3", "L3", "{C4F6E374-F62C-4840-A219-029E100E564D}"
EndProject
Project("{2150E333-8FDC-42A3-9474-1A3956D46DE8}") = "L4", "L4", "{D8E488FE-5496-4981-9822-A4B41B26561E}"
EndProject
Project("{2150E333-8FDC-42A3-9474-1A3956D46DE8}") = "L5", "L5", "{D697983A-10FE-4B0E-B434-679399151864}"
EndProject
Project("{2150E333-8FDC-42A3-9474-1A3956D46DE8}") = "L6", "L6", "{33692876-243F-4DF1-9CA4-6BD67CFA77FE}"
EndProject
Project("{2150E333-8FDC-42A3-9474-1A3956D46DE8}") = "L7", "L7", "{7B46067C-B2A6-42AD-82B9-25B8B8671FB5}"
EndProject
Project("{2150E333-8FDC-42A3-9474-1A3956D46DE8}") = "L8", "L8", "{A256CD4D-35FF-4438-86FE-5B56AE7BDF87}"
EndProject
Project("{2150E333-8FDC-42A3-9474-1A3956D46DE8}") = "L9", "L9", "{F124C114-9A43-48E0-B5BD-3B0A326168D9}"
EndProject
Project("{9A19103F-16F7-4668-BE54-9A1E7A4F7556}") = "L9T7", "L9T7\L9T7.csproj", "{EC9AA6C9-43B7-466D-847F-B0A630628B5A}"
EndProject
Project("{9A19103F-16F7-4668-BE54-9A1E7A4F7556}") = "L9T8", "L9T8\L9T8.csproj", "{B32CCF50-07C9-4724-88C4-08078AB98AE0}"
EndProject
Project("{9A19103F-16F7-4668-BE54-9A1E7A4F7556}") = "L9T9", "L9T9\L9T9.csproj", "{BDADD568-988A-489E-B593-B79A499D032E}"
EndProject
Project("{9A19103F-16F7-4668-BE54-9A1E7A4F7556}") = "L9T10", "L9T10\L9T10.csproj", "{18E1CD7C-65EA-4A72-95F2-BED37166234B}"
EndProject
Project("{9A19103F-16F7-4668-BE54-9A1E7A4F7556}") = "L9T11", "L9T11\L9T11.csproj", "{E6B98D74-4337-4DDA-B267-81D698135D77}"
EndProject
Project("{2150E333-8FDC-42A3-9474-1A3956D46DE8}") = "L10", "L10", "{AAC5363C-E292-444D-8E1B-FC7A2ADA685E}"
EndProject
Project("{9A19103F-16F7-4668-BE54-9A1E7A4F7556}") = "L10T1", "L10T1\L10T1.csproj", "{DB2D529A-688B-4B19-91C8-EC2F94DC127E}"
EndProject
Project("{9A19103F-16F7-4668-BE54-9A1E7A4F7556}") = "L10T2", "L10T2\L10T2.csproj", "{0AEEA632-2C1B-45BF-881E-683EDEEEC0D4}"
EndProject
Project("{9A19103F-16F7-4668-BE54-9A1E7A4F7556}") = "L10T3", "L10T3\L10T3.csproj", "{DF65E248-8C0D-4F2C-B84C-65CE22CF0152}"
EndProject
Project("{2150E333-8FDC-42A3-9474-1A3956D46DE8}") = "L11", "L11", "{DFA1D679-4CB0-43D3-B560-DAA356F975D1}"
EndProject
Project("{9A19103F-16F7-4668-BE54-9A1E7A4F7556}") = "L11T1", "L11T1\L11T1.csproj", "{2A30728B-590D-42C2-9106-8E200E522AB0}"
EndProject
Project("{9A19103F-16F7-4668-BE54-9A1E7A4F7556}") = "L11T3", "L11T3\L11T3.csproj", "{0EAF861A-BBCA-4B40-80D4-00BBA658EFAD}"
EndProject
Project("{9A19103F-16F7-4668-BE54-9A1E7A4F7556}") = "L11T4", "L11T4\L11T4.csproj", "{C713E749-B205-4F9B-A5C0-7AC2E92A2C2F}"
EndProject
Project("{9A19103F-16F7-4668-BE54-9A1E7A4F7556}") = "L11T5", "L11T5\L11T5.csproj", "{6CE80588-B21B-415F-BAF4-4AA249A1DFC8}"
EndProject
Project("{9A19103F-16F7-4668-BE54-9A1E7A4F7556}") = "L11T6", "L11T6\L11T6.csproj", "{659E553A-BAC3-4C3E-80B9-4643EB6A238E}"
EndProject
Project("{2150E333-8FDC-42A3-9474-1A3956D46DE8}") = "L12", "L12", "{2E1EE0E8-DC9C-4AF0-826C-809DDB792750}"
EndProject
Project("{9A19103F-16F7-4668-BE54-9A1E7A4F7556}") = "L12T1", "L12T1\L12T1.csproj", "{C6868FB5-4BF1-4F15-82F8-E9C8FDFB18B4}"
EndProject
Project("{9A19103F-16F7-4668-BE54-9A1E7A4F7556}") = "L12T2", "L12T2\L12T2.csproj", "{654B2B02-9C21-4144-A4D3-3110A94DDA88}"
EndProject
Project("{9A19103F-16F7-4668-BE54-9A1E7A4F7556}") = "L12T3", "L12T3\L12T3.csproj", "{33DB2E83-D264-4F57-A1F1-CD4B60AF494C}"
EndProject
Project("{9A19103F-16F7-4668-BE54-9A1E7A4F7556}") = "L12T4", "L12T4\L12T4.csproj", "{F1DC21D5-F4C7-458E-B41B-D6B4A27750F6}"
EndProject
Project("{FAE04EC0-301F-11D3-BF4B-00C04F79EFBC}") = "L12T5", "L12T5\L12T5.csproj", "{52E9E988-100D-454E-93F2-C1A18E44E7AC}"
EndProject
Global
	GlobalSection(SolutionConfigurationPlatforms) = preSolution
		Debug|Any CPU = Debug|Any CPU
		Release|Any CPU = Release|Any CPU
	EndGlobalSection
	GlobalSection(ProjectConfigurationPlatforms) = postSolution
		{8840C15A-783E-4D8F-B1BC-8489C22FE5DC}.Debug|Any CPU.ActiveCfg = Debug|Any CPU
		{8840C15A-783E-4D8F-B1BC-8489C22FE5DC}.Debug|Any CPU.Build.0 = Debug|Any CPU
		{8840C15A-783E-4D8F-B1BC-8489C22FE5DC}.Release|Any CPU.ActiveCfg = Release|Any CPU
		{8840C15A-783E-4D8F-B1BC-8489C22FE5DC}.Release|Any CPU.Build.0 = Release|Any CPU
		{8B74A8B0-3285-4260-B253-A165CBCE9BBA}.Debug|Any CPU.ActiveCfg = Debug|Any CPU
		{8B74A8B0-3285-4260-B253-A165CBCE9BBA}.Debug|Any CPU.Build.0 = Debug|Any CPU
		{8B74A8B0-3285-4260-B253-A165CBCE9BBA}.Release|Any CPU.ActiveCfg = Release|Any CPU
		{8B74A8B0-3285-4260-B253-A165CBCE9BBA}.Release|Any CPU.Build.0 = Release|Any CPU
		{D2BCBEDE-29F1-49ED-A470-DA7DC6D87FA3}.Debug|Any CPU.ActiveCfg = Debug|Any CPU
		{D2BCBEDE-29F1-49ED-A470-DA7DC6D87FA3}.Debug|Any CPU.Build.0 = Debug|Any CPU
		{D2BCBEDE-29F1-49ED-A470-DA7DC6D87FA3}.Release|Any CPU.ActiveCfg = Release|Any CPU
		{D2BCBEDE-29F1-49ED-A470-DA7DC6D87FA3}.Release|Any CPU.Build.0 = Release|Any CPU
		{AE733FAB-29FE-450F-8233-4ECBE946E8D4}.Debug|Any CPU.ActiveCfg = Debug|Any CPU
		{AE733FAB-29FE-450F-8233-4ECBE946E8D4}.Debug|Any CPU.Build.0 = Debug|Any CPU
		{AE733FAB-29FE-450F-8233-4ECBE946E8D4}.Release|Any CPU.ActiveCfg = Release|Any CPU
		{AE733FAB-29FE-450F-8233-4ECBE946E8D4}.Release|Any CPU.Build.0 = Release|Any CPU
		{31BBC51F-5844-43EC-9769-F1E14102D827}.Debug|Any CPU.ActiveCfg = Debug|Any CPU
		{31BBC51F-5844-43EC-9769-F1E14102D827}.Debug|Any CPU.Build.0 = Debug|Any CPU
		{31BBC51F-5844-43EC-9769-F1E14102D827}.Release|Any CPU.ActiveCfg = Release|Any CPU
		{31BBC51F-5844-43EC-9769-F1E14102D827}.Release|Any CPU.Build.0 = Release|Any CPU
		{FB2F7F86-639E-40F4-990E-32E54E340DA3}.Debug|Any CPU.ActiveCfg = Debug|Any CPU
		{FB2F7F86-639E-40F4-990E-32E54E340DA3}.Debug|Any CPU.Build.0 = Debug|Any CPU
		{FB2F7F86-639E-40F4-990E-32E54E340DA3}.Release|Any CPU.ActiveCfg = Release|Any CPU
		{FB2F7F86-639E-40F4-990E-32E54E340DA3}.Release|Any CPU.Build.0 = Release|Any CPU
		{641801CA-F867-4E96-8D11-D8EC8BBAB648}.Debug|Any CPU.ActiveCfg = Debug|Any CPU
		{641801CA-F867-4E96-8D11-D8EC8BBAB648}.Debug|Any CPU.Build.0 = Debug|Any CPU
		{641801CA-F867-4E96-8D11-D8EC8BBAB648}.Release|Any CPU.ActiveCfg = Release|Any CPU
		{641801CA-F867-4E96-8D11-D8EC8BBAB648}.Release|Any CPU.Build.0 = Release|Any CPU
		{C484A309-A965-44F9-A727-5D769EA68615}.Debug|Any CPU.ActiveCfg = Debug|Any CPU
		{C484A309-A965-44F9-A727-5D769EA68615}.Debug|Any CPU.Build.0 = Debug|Any CPU
		{C484A309-A965-44F9-A727-5D769EA68615}.Release|Any CPU.ActiveCfg = Release|Any CPU
		{C484A309-A965-44F9-A727-5D769EA68615}.Release|Any CPU.Build.0 = Release|Any CPU
		{62964BF0-737B-4D42-ADAF-74C96F215F5E}.Debug|Any CPU.ActiveCfg = Debug|Any CPU
		{62964BF0-737B-4D42-ADAF-74C96F215F5E}.Debug|Any CPU.Build.0 = Debug|Any CPU
		{62964BF0-737B-4D42-ADAF-74C96F215F5E}.Release|Any CPU.ActiveCfg = Release|Any CPU
		{62964BF0-737B-4D42-ADAF-74C96F215F5E}.Release|Any CPU.Build.0 = Release|Any CPU
		{8C818A7A-237D-4E46-BBC4-084E0D6D24B9}.Debug|Any CPU.ActiveCfg = Debug|Any CPU
		{8C818A7A-237D-4E46-BBC4-084E0D6D24B9}.Debug|Any CPU.Build.0 = Debug|Any CPU
		{8C818A7A-237D-4E46-BBC4-084E0D6D24B9}.Release|Any CPU.ActiveCfg = Release|Any CPU
		{8C818A7A-237D-4E46-BBC4-084E0D6D24B9}.Release|Any CPU.Build.0 = Release|Any CPU
		{C790D987-C061-4EF7-9689-3450CF8D2A3F}.Debug|Any CPU.ActiveCfg = Debug|Any CPU
		{C790D987-C061-4EF7-9689-3450CF8D2A3F}.Debug|Any CPU.Build.0 = Debug|Any CPU
		{C790D987-C061-4EF7-9689-3450CF8D2A3F}.Release|Any CPU.ActiveCfg = Release|Any CPU
		{C790D987-C061-4EF7-9689-3450CF8D2A3F}.Release|Any CPU.Build.0 = Release|Any CPU
		{6CFA0A12-A002-4308-8B61-15E132775978}.Debug|Any CPU.ActiveCfg = Debug|Any CPU
		{6CFA0A12-A002-4308-8B61-15E132775978}.Debug|Any CPU.Build.0 = Debug|Any CPU
		{6CFA0A12-A002-4308-8B61-15E132775978}.Release|Any CPU.ActiveCfg = Release|Any CPU
		{6CFA0A12-A002-4308-8B61-15E132775978}.Release|Any CPU.Build.0 = Release|Any CPU
		{40DC8A2B-0DD8-4986-9866-4829634595AD}.Debug|Any CPU.ActiveCfg = Debug|Any CPU
		{40DC8A2B-0DD8-4986-9866-4829634595AD}.Debug|Any CPU.Build.0 = Debug|Any CPU
		{40DC8A2B-0DD8-4986-9866-4829634595AD}.Release|Any CPU.ActiveCfg = Release|Any CPU
		{40DC8A2B-0DD8-4986-9866-4829634595AD}.Release|Any CPU.Build.0 = Release|Any CPU
		{764BFD7C-5D13-41C3-9713-92C5B9A122CB}.Debug|Any CPU.ActiveCfg = Debug|Any CPU
		{764BFD7C-5D13-41C3-9713-92C5B9A122CB}.Debug|Any CPU.Build.0 = Debug|Any CPU
		{764BFD7C-5D13-41C3-9713-92C5B9A122CB}.Release|Any CPU.ActiveCfg = Release|Any CPU
		{764BFD7C-5D13-41C3-9713-92C5B9A122CB}.Release|Any CPU.Build.0 = Release|Any CPU
		{AC74AB71-5468-4149-96B8-3960BD29AF5F}.Debug|Any CPU.ActiveCfg = Debug|Any CPU
		{AC74AB71-5468-4149-96B8-3960BD29AF5F}.Debug|Any CPU.Build.0 = Debug|Any CPU
		{AC74AB71-5468-4149-96B8-3960BD29AF5F}.Release|Any CPU.ActiveCfg = Release|Any CPU
		{AC74AB71-5468-4149-96B8-3960BD29AF5F}.Release|Any CPU.Build.0 = Release|Any CPU
		{BAEDCFB9-B228-4C2C-BD68-E717C2455AEF}.Debug|Any CPU.ActiveCfg = Debug|Any CPU
		{BAEDCFB9-B228-4C2C-BD68-E717C2455AEF}.Debug|Any CPU.Build.0 = Debug|Any CPU
		{BAEDCFB9-B228-4C2C-BD68-E717C2455AEF}.Release|Any CPU.ActiveCfg = Release|Any CPU
		{BAEDCFB9-B228-4C2C-BD68-E717C2455AEF}.Release|Any CPU.Build.0 = Release|Any CPU
		{8279D6E3-9917-4987-8AAA-2C9C70234665}.Debug|Any CPU.ActiveCfg = Debug|Any CPU
		{8279D6E3-9917-4987-8AAA-2C9C70234665}.Debug|Any CPU.Build.0 = Debug|Any CPU
		{8279D6E3-9917-4987-8AAA-2C9C70234665}.Release|Any CPU.ActiveCfg = Release|Any CPU
		{8279D6E3-9917-4987-8AAA-2C9C70234665}.Release|Any CPU.Build.0 = Release|Any CPU
		{C208FF57-DA9B-4670-8C80-27B205998685}.Debug|Any CPU.ActiveCfg = Debug|Any CPU
		{C208FF57-DA9B-4670-8C80-27B205998685}.Debug|Any CPU.Build.0 = Debug|Any CPU
		{C208FF57-DA9B-4670-8C80-27B205998685}.Release|Any CPU.ActiveCfg = Release|Any CPU
		{C208FF57-DA9B-4670-8C80-27B205998685}.Release|Any CPU.Build.0 = Release|Any CPU
		{89A68F32-2537-4508-9733-B588B011ED22}.Debug|Any CPU.ActiveCfg = Debug|Any CPU
		{89A68F32-2537-4508-9733-B588B011ED22}.Debug|Any CPU.Build.0 = Debug|Any CPU
		{89A68F32-2537-4508-9733-B588B011ED22}.Release|Any CPU.ActiveCfg = Release|Any CPU
		{89A68F32-2537-4508-9733-B588B011ED22}.Release|Any CPU.Build.0 = Release|Any CPU
		{4CD284D1-A83A-444C-A4BB-3DFB6C017D05}.Debug|Any CPU.ActiveCfg = Debug|Any CPU
		{4CD284D1-A83A-444C-A4BB-3DFB6C017D05}.Debug|Any CPU.Build.0 = Debug|Any CPU
		{4CD284D1-A83A-444C-A4BB-3DFB6C017D05}.Release|Any CPU.ActiveCfg = Release|Any CPU
		{4CD284D1-A83A-444C-A4BB-3DFB6C017D05}.Release|Any CPU.Build.0 = Release|Any CPU
		{E8218657-9733-4538-8C4A-0566F8C07221}.Debug|Any CPU.ActiveCfg = Debug|Any CPU
		{E8218657-9733-4538-8C4A-0566F8C07221}.Debug|Any CPU.Build.0 = Debug|Any CPU
		{E8218657-9733-4538-8C4A-0566F8C07221}.Release|Any CPU.ActiveCfg = Release|Any CPU
		{E8218657-9733-4538-8C4A-0566F8C07221}.Release|Any CPU.Build.0 = Release|Any CPU
		{D7C3335C-4905-4491-B3CA-338965E1E6CB}.Debug|Any CPU.ActiveCfg = Debug|Any CPU
		{D7C3335C-4905-4491-B3CA-338965E1E6CB}.Debug|Any CPU.Build.0 = Debug|Any CPU
		{D7C3335C-4905-4491-B3CA-338965E1E6CB}.Release|Any CPU.ActiveCfg = Release|Any CPU
		{D7C3335C-4905-4491-B3CA-338965E1E6CB}.Release|Any CPU.Build.0 = Release|Any CPU
		{B5E0FFC3-39B8-4CD8-84A3-AA2EA41040DA}.Debug|Any CPU.ActiveCfg = Debug|Any CPU
		{B5E0FFC3-39B8-4CD8-84A3-AA2EA41040DA}.Debug|Any CPU.Build.0 = Debug|Any CPU
		{B5E0FFC3-39B8-4CD8-84A3-AA2EA41040DA}.Release|Any CPU.ActiveCfg = Release|Any CPU
		{B5E0FFC3-39B8-4CD8-84A3-AA2EA41040DA}.Release|Any CPU.Build.0 = Release|Any CPU
		{4348531A-B771-4305-A605-B2E0AA69C599}.Debug|Any CPU.ActiveCfg = Debug|Any CPU
		{4348531A-B771-4305-A605-B2E0AA69C599}.Debug|Any CPU.Build.0 = Debug|Any CPU
		{4348531A-B771-4305-A605-B2E0AA69C599}.Release|Any CPU.ActiveCfg = Release|Any CPU
		{4348531A-B771-4305-A605-B2E0AA69C599}.Release|Any CPU.Build.0 = Release|Any CPU
		{B5EB23FD-7E18-4E0C-9399-DB23C9591A94}.Debug|Any CPU.ActiveCfg = Debug|Any CPU
		{B5EB23FD-7E18-4E0C-9399-DB23C9591A94}.Debug|Any CPU.Build.0 = Debug|Any CPU
		{B5EB23FD-7E18-4E0C-9399-DB23C9591A94}.Release|Any CPU.ActiveCfg = Release|Any CPU
		{B5EB23FD-7E18-4E0C-9399-DB23C9591A94}.Release|Any CPU.Build.0 = Release|Any CPU
		{B9555AF8-7528-4C88-A244-752EFA67F6F1}.Debug|Any CPU.ActiveCfg = Debug|Any CPU
		{B9555AF8-7528-4C88-A244-752EFA67F6F1}.Debug|Any CPU.Build.0 = Debug|Any CPU
		{B9555AF8-7528-4C88-A244-752EFA67F6F1}.Release|Any CPU.ActiveCfg = Release|Any CPU
		{B9555AF8-7528-4C88-A244-752EFA67F6F1}.Release|Any CPU.Build.0 = Release|Any CPU
		{6C85F722-7016-424A-803B-7AF34CFD81CA}.Debug|Any CPU.ActiveCfg = Debug|Any CPU
		{6C85F722-7016-424A-803B-7AF34CFD81CA}.Debug|Any CPU.Build.0 = Debug|Any CPU
		{6C85F722-7016-424A-803B-7AF34CFD81CA}.Release|Any CPU.ActiveCfg = Release|Any CPU
		{6C85F722-7016-424A-803B-7AF34CFD81CA}.Release|Any CPU.Build.0 = Release|Any CPU
		{74526EB4-F5DB-42BD-8818-22B42E6B70F5}.Debug|Any CPU.ActiveCfg = Debug|Any CPU
		{74526EB4-F5DB-42BD-8818-22B42E6B70F5}.Debug|Any CPU.Build.0 = Debug|Any CPU
		{74526EB4-F5DB-42BD-8818-22B42E6B70F5}.Release|Any CPU.ActiveCfg = Release|Any CPU
		{74526EB4-F5DB-42BD-8818-22B42E6B70F5}.Release|Any CPU.Build.0 = Release|Any CPU
		{C3F64E90-DF00-4AF2-87C2-A11EC94A298F}.Debug|Any CPU.ActiveCfg = Debug|Any CPU
		{C3F64E90-DF00-4AF2-87C2-A11EC94A298F}.Debug|Any CPU.Build.0 = Debug|Any CPU
		{C3F64E90-DF00-4AF2-87C2-A11EC94A298F}.Release|Any CPU.ActiveCfg = Release|Any CPU
		{C3F64E90-DF00-4AF2-87C2-A11EC94A298F}.Release|Any CPU.Build.0 = Release|Any CPU
		{AF97510F-EF95-4C47-AB40-7E677F57C71F}.Debug|Any CPU.ActiveCfg = Debug|Any CPU
		{AF97510F-EF95-4C47-AB40-7E677F57C71F}.Debug|Any CPU.Build.0 = Debug|Any CPU
		{AF97510F-EF95-4C47-AB40-7E677F57C71F}.Release|Any CPU.ActiveCfg = Release|Any CPU
		{AF97510F-EF95-4C47-AB40-7E677F57C71F}.Release|Any CPU.Build.0 = Release|Any CPU
		{7614DB74-2AC8-4CA3-9A8D-5139533F2033}.Debug|Any CPU.ActiveCfg = Debug|Any CPU
		{7614DB74-2AC8-4CA3-9A8D-5139533F2033}.Debug|Any CPU.Build.0 = Debug|Any CPU
		{7614DB74-2AC8-4CA3-9A8D-5139533F2033}.Release|Any CPU.ActiveCfg = Release|Any CPU
		{7614DB74-2AC8-4CA3-9A8D-5139533F2033}.Release|Any CPU.Build.0 = Release|Any CPU
		{7B817AAA-CD7B-4312-B8C0-511DA9B89CFE}.Debug|Any CPU.ActiveCfg = Debug|Any CPU
		{7B817AAA-CD7B-4312-B8C0-511DA9B89CFE}.Debug|Any CPU.Build.0 = Debug|Any CPU
		{7B817AAA-CD7B-4312-B8C0-511DA9B89CFE}.Release|Any CPU.ActiveCfg = Release|Any CPU
		{7B817AAA-CD7B-4312-B8C0-511DA9B89CFE}.Release|Any CPU.Build.0 = Release|Any CPU
		{9A168DAC-AFEE-4AAE-936C-0DAAAAF320C3}.Debug|Any CPU.ActiveCfg = Debug|Any CPU
		{9A168DAC-AFEE-4AAE-936C-0DAAAAF320C3}.Debug|Any CPU.Build.0 = Debug|Any CPU
		{9A168DAC-AFEE-4AAE-936C-0DAAAAF320C3}.Release|Any CPU.ActiveCfg = Release|Any CPU
		{9A168DAC-AFEE-4AAE-936C-0DAAAAF320C3}.Release|Any CPU.Build.0 = Release|Any CPU
		{F0743AE1-05CB-4D2E-AA8A-84262DA167E9}.Debug|Any CPU.ActiveCfg = Debug|Any CPU
		{F0743AE1-05CB-4D2E-AA8A-84262DA167E9}.Debug|Any CPU.Build.0 = Debug|Any CPU
		{F0743AE1-05CB-4D2E-AA8A-84262DA167E9}.Release|Any CPU.ActiveCfg = Release|Any CPU
		{F0743AE1-05CB-4D2E-AA8A-84262DA167E9}.Release|Any CPU.Build.0 = Release|Any CPU
		{BC6A0266-C08E-42E4-9533-32655AA30115}.Debug|Any CPU.ActiveCfg = Debug|Any CPU
		{BC6A0266-C08E-42E4-9533-32655AA30115}.Debug|Any CPU.Build.0 = Debug|Any CPU
		{BC6A0266-C08E-42E4-9533-32655AA30115}.Release|Any CPU.ActiveCfg = Release|Any CPU
		{BC6A0266-C08E-42E4-9533-32655AA30115}.Release|Any CPU.Build.0 = Release|Any CPU
		{8C573F86-91D9-46E0-BA3B-9D16722D4F10}.Debug|Any CPU.ActiveCfg = Debug|Any CPU
		{8C573F86-91D9-46E0-BA3B-9D16722D4F10}.Debug|Any CPU.Build.0 = Debug|Any CPU
		{8C573F86-91D9-46E0-BA3B-9D16722D4F10}.Release|Any CPU.ActiveCfg = Release|Any CPU
		{8C573F86-91D9-46E0-BA3B-9D16722D4F10}.Release|Any CPU.Build.0 = Release|Any CPU
		{EA65248A-0BC5-4471-A872-42BC5C2CEC6D}.Debug|Any CPU.ActiveCfg = Debug|Any CPU
		{EA65248A-0BC5-4471-A872-42BC5C2CEC6D}.Debug|Any CPU.Build.0 = Debug|Any CPU
		{EA65248A-0BC5-4471-A872-42BC5C2CEC6D}.Release|Any CPU.ActiveCfg = Release|Any CPU
		{EA65248A-0BC5-4471-A872-42BC5C2CEC6D}.Release|Any CPU.Build.0 = Release|Any CPU
		{B5B424F6-3F98-4450-B9A8-BABA252C0F34}.Debug|Any CPU.ActiveCfg = Debug|Any CPU
		{B5B424F6-3F98-4450-B9A8-BABA252C0F34}.Debug|Any CPU.Build.0 = Debug|Any CPU
		{B5B424F6-3F98-4450-B9A8-BABA252C0F34}.Release|Any CPU.ActiveCfg = Release|Any CPU
		{B5B424F6-3F98-4450-B9A8-BABA252C0F34}.Release|Any CPU.Build.0 = Release|Any CPU
		{417F1925-6787-4DC5-8414-6C1170F0217F}.Debug|Any CPU.ActiveCfg = Debug|Any CPU
		{417F1925-6787-4DC5-8414-6C1170F0217F}.Debug|Any CPU.Build.0 = Debug|Any CPU
		{417F1925-6787-4DC5-8414-6C1170F0217F}.Release|Any CPU.ActiveCfg = Release|Any CPU
		{417F1925-6787-4DC5-8414-6C1170F0217F}.Release|Any CPU.Build.0 = Release|Any CPU
		{A5C158F0-04E4-4C07-B4D5-0031755B8C25}.Debug|Any CPU.ActiveCfg = Debug|Any CPU
		{A5C158F0-04E4-4C07-B4D5-0031755B8C25}.Debug|Any CPU.Build.0 = Debug|Any CPU
		{A5C158F0-04E4-4C07-B4D5-0031755B8C25}.Release|Any CPU.ActiveCfg = Release|Any CPU
		{A5C158F0-04E4-4C07-B4D5-0031755B8C25}.Release|Any CPU.Build.0 = Release|Any CPU
		{E08CB6B1-85A6-4687-8589-50120F84CCC1}.Debug|Any CPU.ActiveCfg = Debug|Any CPU
		{E08CB6B1-85A6-4687-8589-50120F84CCC1}.Debug|Any CPU.Build.0 = Debug|Any CPU
		{E08CB6B1-85A6-4687-8589-50120F84CCC1}.Release|Any CPU.ActiveCfg = Release|Any CPU
		{E08CB6B1-85A6-4687-8589-50120F84CCC1}.Release|Any CPU.Build.0 = Release|Any CPU
		{21399676-A073-4F4F-8E2D-91FC158A16D3}.Debug|Any CPU.ActiveCfg = Debug|Any CPU
		{21399676-A073-4F4F-8E2D-91FC158A16D3}.Debug|Any CPU.Build.0 = Debug|Any CPU
		{21399676-A073-4F4F-8E2D-91FC158A16D3}.Release|Any CPU.ActiveCfg = Release|Any CPU
		{21399676-A073-4F4F-8E2D-91FC158A16D3}.Release|Any CPU.Build.0 = Release|Any CPU
		{9517B95B-50F1-4B84-80E0-DF1F9AC6BE1D}.Debug|Any CPU.ActiveCfg = Debug|Any CPU
		{9517B95B-50F1-4B84-80E0-DF1F9AC6BE1D}.Debug|Any CPU.Build.0 = Debug|Any CPU
		{9517B95B-50F1-4B84-80E0-DF1F9AC6BE1D}.Release|Any CPU.ActiveCfg = Release|Any CPU
		{9517B95B-50F1-4B84-80E0-DF1F9AC6BE1D}.Release|Any CPU.Build.0 = Release|Any CPU
		{65E4B949-EED8-49B7-BD84-91E0EB7B86CA}.Debug|Any CPU.ActiveCfg = Debug|Any CPU
		{65E4B949-EED8-49B7-BD84-91E0EB7B86CA}.Debug|Any CPU.Build.0 = Debug|Any CPU
		{65E4B949-EED8-49B7-BD84-91E0EB7B86CA}.Release|Any CPU.ActiveCfg = Release|Any CPU
		{65E4B949-EED8-49B7-BD84-91E0EB7B86CA}.Release|Any CPU.Build.0 = Release|Any CPU
		{EC9AA6C9-43B7-466D-847F-B0A630628B5A}.Debug|Any CPU.ActiveCfg = Debug|Any CPU
		{EC9AA6C9-43B7-466D-847F-B0A630628B5A}.Debug|Any CPU.Build.0 = Debug|Any CPU
		{EC9AA6C9-43B7-466D-847F-B0A630628B5A}.Release|Any CPU.ActiveCfg = Release|Any CPU
		{EC9AA6C9-43B7-466D-847F-B0A630628B5A}.Release|Any CPU.Build.0 = Release|Any CPU
		{B32CCF50-07C9-4724-88C4-08078AB98AE0}.Debug|Any CPU.ActiveCfg = Debug|Any CPU
		{B32CCF50-07C9-4724-88C4-08078AB98AE0}.Debug|Any CPU.Build.0 = Debug|Any CPU
		{B32CCF50-07C9-4724-88C4-08078AB98AE0}.Release|Any CPU.ActiveCfg = Release|Any CPU
		{B32CCF50-07C9-4724-88C4-08078AB98AE0}.Release|Any CPU.Build.0 = Release|Any CPU
		{BDADD568-988A-489E-B593-B79A499D032E}.Debug|Any CPU.ActiveCfg = Debug|Any CPU
		{BDADD568-988A-489E-B593-B79A499D032E}.Debug|Any CPU.Build.0 = Debug|Any CPU
		{BDADD568-988A-489E-B593-B79A499D032E}.Release|Any CPU.ActiveCfg = Release|Any CPU
		{BDADD568-988A-489E-B593-B79A499D032E}.Release|Any CPU.Build.0 = Release|Any CPU
		{18E1CD7C-65EA-4A72-95F2-BED37166234B}.Debug|Any CPU.ActiveCfg = Debug|Any CPU
		{18E1CD7C-65EA-4A72-95F2-BED37166234B}.Debug|Any CPU.Build.0 = Debug|Any CPU
		{18E1CD7C-65EA-4A72-95F2-BED37166234B}.Release|Any CPU.ActiveCfg = Release|Any CPU
		{18E1CD7C-65EA-4A72-95F2-BED37166234B}.Release|Any CPU.Build.0 = Release|Any CPU
		{E6B98D74-4337-4DDA-B267-81D698135D77}.Debug|Any CPU.ActiveCfg = Debug|Any CPU
		{E6B98D74-4337-4DDA-B267-81D698135D77}.Debug|Any CPU.Build.0 = Debug|Any CPU
		{E6B98D74-4337-4DDA-B267-81D698135D77}.Release|Any CPU.ActiveCfg = Release|Any CPU
		{E6B98D74-4337-4DDA-B267-81D698135D77}.Release|Any CPU.Build.0 = Release|Any CPU
		{DB2D529A-688B-4B19-91C8-EC2F94DC127E}.Debug|Any CPU.ActiveCfg = Debug|Any CPU
		{DB2D529A-688B-4B19-91C8-EC2F94DC127E}.Debug|Any CPU.Build.0 = Debug|Any CPU
		{DB2D529A-688B-4B19-91C8-EC2F94DC127E}.Release|Any CPU.ActiveCfg = Release|Any CPU
		{DB2D529A-688B-4B19-91C8-EC2F94DC127E}.Release|Any CPU.Build.0 = Release|Any CPU
		{0AEEA632-2C1B-45BF-881E-683EDEEEC0D4}.Debug|Any CPU.ActiveCfg = Debug|Any CPU
		{0AEEA632-2C1B-45BF-881E-683EDEEEC0D4}.Debug|Any CPU.Build.0 = Debug|Any CPU
		{0AEEA632-2C1B-45BF-881E-683EDEEEC0D4}.Release|Any CPU.ActiveCfg = Release|Any CPU
		{0AEEA632-2C1B-45BF-881E-683EDEEEC0D4}.Release|Any CPU.Build.0 = Release|Any CPU
		{DF65E248-8C0D-4F2C-B84C-65CE22CF0152}.Debug|Any CPU.ActiveCfg = Debug|Any CPU
		{DF65E248-8C0D-4F2C-B84C-65CE22CF0152}.Debug|Any CPU.Build.0 = Debug|Any CPU
		{DF65E248-8C0D-4F2C-B84C-65CE22CF0152}.Release|Any CPU.ActiveCfg = Release|Any CPU
		{DF65E248-8C0D-4F2C-B84C-65CE22CF0152}.Release|Any CPU.Build.0 = Release|Any CPU
		{2A30728B-590D-42C2-9106-8E200E522AB0}.Debug|Any CPU.ActiveCfg = Debug|Any CPU
		{2A30728B-590D-42C2-9106-8E200E522AB0}.Debug|Any CPU.Build.0 = Debug|Any CPU
		{2A30728B-590D-42C2-9106-8E200E522AB0}.Release|Any CPU.ActiveCfg = Release|Any CPU
		{2A30728B-590D-42C2-9106-8E200E522AB0}.Release|Any CPU.Build.0 = Release|Any CPU
		{0EAF861A-BBCA-4B40-80D4-00BBA658EFAD}.Debug|Any CPU.ActiveCfg = Debug|Any CPU
		{0EAF861A-BBCA-4B40-80D4-00BBA658EFAD}.Debug|Any CPU.Build.0 = Debug|Any CPU
		{0EAF861A-BBCA-4B40-80D4-00BBA658EFAD}.Release|Any CPU.ActiveCfg = Release|Any CPU
		{0EAF861A-BBCA-4B40-80D4-00BBA658EFAD}.Release|Any CPU.Build.0 = Release|Any CPU
		{C713E749-B205-4F9B-A5C0-7AC2E92A2C2F}.Debug|Any CPU.ActiveCfg = Debug|Any CPU
		{C713E749-B205-4F9B-A5C0-7AC2E92A2C2F}.Debug|Any CPU.Build.0 = Debug|Any CPU
		{C713E749-B205-4F9B-A5C0-7AC2E92A2C2F}.Release|Any CPU.ActiveCfg = Release|Any CPU
		{C713E749-B205-4F9B-A5C0-7AC2E92A2C2F}.Release|Any CPU.Build.0 = Release|Any CPU
		{6CE80588-B21B-415F-BAF4-4AA249A1DFC8}.Debug|Any CPU.ActiveCfg = Debug|Any CPU
		{6CE80588-B21B-415F-BAF4-4AA249A1DFC8}.Debug|Any CPU.Build.0 = Debug|Any CPU
		{6CE80588-B21B-415F-BAF4-4AA249A1DFC8}.Release|Any CPU.ActiveCfg = Release|Any CPU
		{6CE80588-B21B-415F-BAF4-4AA249A1DFC8}.Release|Any CPU.Build.0 = Release|Any CPU
		{659E553A-BAC3-4C3E-80B9-4643EB6A238E}.Debug|Any CPU.ActiveCfg = Debug|Any CPU
		{659E553A-BAC3-4C3E-80B9-4643EB6A238E}.Debug|Any CPU.Build.0 = Debug|Any CPU
		{659E553A-BAC3-4C3E-80B9-4643EB6A238E}.Release|Any CPU.ActiveCfg = Release|Any CPU
		{659E553A-BAC3-4C3E-80B9-4643EB6A238E}.Release|Any CPU.Build.0 = Release|Any CPU
		{C6868FB5-4BF1-4F15-82F8-E9C8FDFB18B4}.Debug|Any CPU.ActiveCfg = Debug|Any CPU
		{C6868FB5-4BF1-4F15-82F8-E9C8FDFB18B4}.Debug|Any CPU.Build.0 = Debug|Any CPU
		{C6868FB5-4BF1-4F15-82F8-E9C8FDFB18B4}.Release|Any CPU.ActiveCfg = Release|Any CPU
		{C6868FB5-4BF1-4F15-82F8-E9C8FDFB18B4}.Release|Any CPU.Build.0 = Release|Any CPU
		{654B2B02-9C21-4144-A4D3-3110A94DDA88}.Debug|Any CPU.ActiveCfg = Debug|Any CPU
		{654B2B02-9C21-4144-A4D3-3110A94DDA88}.Debug|Any CPU.Build.0 = Debug|Any CPU
		{654B2B02-9C21-4144-A4D3-3110A94DDA88}.Release|Any CPU.ActiveCfg = Release|Any CPU
		{654B2B02-9C21-4144-A4D3-3110A94DDA88}.Release|Any CPU.Build.0 = Release|Any CPU
		{33DB2E83-D264-4F57-A1F1-CD4B60AF494C}.Debug|Any CPU.ActiveCfg = Debug|Any CPU
		{33DB2E83-D264-4F57-A1F1-CD4B60AF494C}.Debug|Any CPU.Build.0 = Debug|Any CPU
		{33DB2E83-D264-4F57-A1F1-CD4B60AF494C}.Release|Any CPU.ActiveCfg = Release|Any CPU
		{33DB2E83-D264-4F57-A1F1-CD4B60AF494C}.Release|Any CPU.Build.0 = Release|Any CPU
		{F1DC21D5-F4C7-458E-B41B-D6B4A27750F6}.Debug|Any CPU.ActiveCfg = Debug|Any CPU
		{F1DC21D5-F4C7-458E-B41B-D6B4A27750F6}.Debug|Any CPU.Build.0 = Debug|Any CPU
		{F1DC21D5-F4C7-458E-B41B-D6B4A27750F6}.Release|Any CPU.ActiveCfg = Release|Any CPU
		{F1DC21D5-F4C7-458E-B41B-D6B4A27750F6}.Release|Any CPU.Build.0 = Release|Any CPU
		{52E9E988-100D-454E-93F2-C1A18E44E7AC}.Debug|Any CPU.ActiveCfg = Debug|Any CPU
		{52E9E988-100D-454E-93F2-C1A18E44E7AC}.Debug|Any CPU.Build.0 = Debug|Any CPU
		{52E9E988-100D-454E-93F2-C1A18E44E7AC}.Release|Any CPU.ActiveCfg = Release|Any CPU
		{52E9E988-100D-454E-93F2-C1A18E44E7AC}.Release|Any CPU.Build.0 = Release|Any CPU
	EndGlobalSection
	GlobalSection(SolutionProperties) = preSolution
		HideSolutionNode = FALSE
	EndGlobalSection
	GlobalSection(NestedProjects) = preSolution
		{8840C15A-783E-4D8F-B1BC-8489C22FE5DC} = {D8E488FE-5496-4981-9822-A4B41B26561E}
		{8B74A8B0-3285-4260-B253-A165CBCE9BBA} = {C4F6E374-F62C-4840-A219-029E100E564D}
		{D2BCBEDE-29F1-49ED-A470-DA7DC6D87FA3} = {C4F6E374-F62C-4840-A219-029E100E564D}
		{AE733FAB-29FE-450F-8233-4ECBE946E8D4} = {C4F6E374-F62C-4840-A219-029E100E564D}
		{31BBC51F-5844-43EC-9769-F1E14102D827} = {C4F6E374-F62C-4840-A219-029E100E564D}
		{FB2F7F86-639E-40F4-990E-32E54E340DA3} = {C4F6E374-F62C-4840-A219-029E100E564D}
		{641801CA-F867-4E96-8D11-D8EC8BBAB648} = {C4F6E374-F62C-4840-A219-029E100E564D}
		{C484A309-A965-44F9-A727-5D769EA68615} = {C4F6E374-F62C-4840-A219-029E100E564D}
		{62964BF0-737B-4D42-ADAF-74C96F215F5E} = {C4F6E374-F62C-4840-A219-029E100E564D}
		{8C818A7A-237D-4E46-BBC4-084E0D6D24B9} = {D14B1692-9427-4BAC-963F-89EC9505899B}
		{C790D987-C061-4EF7-9689-3450CF8D2A3F} = {C4F6E374-F62C-4840-A219-029E100E564D}
		{6CFA0A12-A002-4308-8B61-15E132775978} = {D8E488FE-5496-4981-9822-A4B41B26561E}
		{40DC8A2B-0DD8-4986-9866-4829634595AD} = {D8E488FE-5496-4981-9822-A4B41B26561E}
		{764BFD7C-5D13-41C3-9713-92C5B9A122CB} = {D8E488FE-5496-4981-9822-A4B41B26561E}
		{AC74AB71-5468-4149-96B8-3960BD29AF5F} = {D8E488FE-5496-4981-9822-A4B41B26561E}
		{BAEDCFB9-B228-4C2C-BD68-E717C2455AEF} = {D8E488FE-5496-4981-9822-A4B41B26561E}
		{8279D6E3-9917-4987-8AAA-2C9C70234665} = {D14B1692-9427-4BAC-963F-89EC9505899B}
		{C208FF57-DA9B-4670-8C80-27B205998685} = {C4F6E374-F62C-4840-A219-029E100E564D}
		{89A68F32-2537-4508-9733-B588B011ED22} = {D8E488FE-5496-4981-9822-A4B41B26561E}
		{4CD284D1-A83A-444C-A4BB-3DFB6C017D05} = {D8E488FE-5496-4981-9822-A4B41B26561E}
		{E8218657-9733-4538-8C4A-0566F8C07221} = {D8E488FE-5496-4981-9822-A4B41B26561E}
		{D7C3335C-4905-4491-B3CA-338965E1E6CB} = {D8E488FE-5496-4981-9822-A4B41B26561E}
		{B5E0FFC3-39B8-4CD8-84A3-AA2EA41040DA} = {33692876-243F-4DF1-9CA4-6BD67CFA77FE}
		{4348531A-B771-4305-A605-B2E0AA69C599} = {33692876-243F-4DF1-9CA4-6BD67CFA77FE}
		{B5EB23FD-7E18-4E0C-9399-DB23C9591A94} = {33692876-243F-4DF1-9CA4-6BD67CFA77FE}
		{B9555AF8-7528-4C88-A244-752EFA67F6F1} = {33692876-243F-4DF1-9CA4-6BD67CFA77FE}
		{6C85F722-7016-424A-803B-7AF34CFD81CA} = {D697983A-10FE-4B0E-B434-679399151864}
		{74526EB4-F5DB-42BD-8818-22B42E6B70F5} = {D697983A-10FE-4B0E-B434-679399151864}
		{C3F64E90-DF00-4AF2-87C2-A11EC94A298F} = {D697983A-10FE-4B0E-B434-679399151864}
		{AF97510F-EF95-4C47-AB40-7E677F57C71F} = {D697983A-10FE-4B0E-B434-679399151864}
		{7614DB74-2AC8-4CA3-9A8D-5139533F2033} = {D697983A-10FE-4B0E-B434-679399151864}
		{7B817AAA-CD7B-4312-B8C0-511DA9B89CFE} = {D697983A-10FE-4B0E-B434-679399151864}
		{9A168DAC-AFEE-4AAE-936C-0DAAAAF320C3} = {D697983A-10FE-4B0E-B434-679399151864}
		{F0743AE1-05CB-4D2E-AA8A-84262DA167E9} = {D697983A-10FE-4B0E-B434-679399151864}
		{BC6A0266-C08E-42E4-9533-32655AA30115} = {D697983A-10FE-4B0E-B434-679399151864}
		{8C573F86-91D9-46E0-BA3B-9D16722D4F10} = {33692876-243F-4DF1-9CA4-6BD67CFA77FE}
		{EA65248A-0BC5-4471-A872-42BC5C2CEC6D} = {7B46067C-B2A6-42AD-82B9-25B8B8671FB5}
		{B5B424F6-3F98-4450-B9A8-BABA252C0F34} = {7B46067C-B2A6-42AD-82B9-25B8B8671FB5}
		{417F1925-6787-4DC5-8414-6C1170F0217F} = {A256CD4D-35FF-4438-86FE-5B56AE7BDF87}
		{A5C158F0-04E4-4C07-B4D5-0031755B8C25} = {A256CD4D-35FF-4438-86FE-5B56AE7BDF87}
		{E08CB6B1-85A6-4687-8589-50120F84CCC1} = {A256CD4D-35FF-4438-86FE-5B56AE7BDF87}
		{21399676-A073-4F4F-8E2D-91FC158A16D3} = {F124C114-9A43-48E0-B5BD-3B0A326168D9}
		{9517B95B-50F1-4B84-80E0-DF1F9AC6BE1D} = {F124C114-9A43-48E0-B5BD-3B0A326168D9}
		{65E4B949-EED8-49B7-BD84-91E0EB7B86CA} = {F124C114-9A43-48E0-B5BD-3B0A326168D9}
		{EC9AA6C9-43B7-466D-847F-B0A630628B5A} = {F124C114-9A43-48E0-B5BD-3B0A326168D9}
		{B32CCF50-07C9-4724-88C4-08078AB98AE0} = {F124C114-9A43-48E0-B5BD-3B0A326168D9}
		{BDADD568-988A-489E-B593-B79A499D032E} = {F124C114-9A43-48E0-B5BD-3B0A326168D9}
		{18E1CD7C-65EA-4A72-95F2-BED37166234B} = {F124C114-9A43-48E0-B5BD-3B0A326168D9}
		{E6B98D74-4337-4DDA-B267-81D698135D77} = {F124C114-9A43-48E0-B5BD-3B0A326168D9}
		{DB2D529A-688B-4B19-91C8-EC2F94DC127E} = {AAC5363C-E292-444D-8E1B-FC7A2ADA685E}
		{0AEEA632-2C1B-45BF-881E-683EDEEEC0D4} = {AAC5363C-E292-444D-8E1B-FC7A2ADA685E}
		{DF65E248-8C0D-4F2C-B84C-65CE22CF0152} = {AAC5363C-E292-444D-8E1B-FC7A2ADA685E}
		{2A30728B-590D-42C2-9106-8E200E522AB0} = {DFA1D679-4CB0-43D3-B560-DAA356F975D1}
		{0EAF861A-BBCA-4B40-80D4-00BBA658EFAD} = {DFA1D679-4CB0-43D3-B560-DAA356F975D1}
		{C713E749-B205-4F9B-A5C0-7AC2E92A2C2F} = {DFA1D679-4CB0-43D3-B560-DAA356F975D1}
		{6CE80588-B21B-415F-BAF4-4AA249A1DFC8} = {DFA1D679-4CB0-43D3-B560-DAA356F975D1}
		{659E553A-BAC3-4C3E-80B9-4643EB6A238E} = {DFA1D679-4CB0-43D3-B560-DAA356F975D1}
		{C6868FB5-4BF1-4F15-82F8-E9C8FDFB18B4} = {2E1EE0E8-DC9C-4AF0-826C-809DDB792750}
		{654B2B02-9C21-4144-A4D3-3110A94DDA88} = {2E1EE0E8-DC9C-4AF0-826C-809DDB792750}
		{33DB2E83-D264-4F57-A1F1-CD4B60AF494C} = {2E1EE0E8-DC9C-4AF0-826C-809DDB792750}
		{F1DC21D5-F4C7-458E-B41B-D6B4A27750F6} = {2E1EE0E8-DC9C-4AF0-826C-809DDB792750}
		{52E9E988-100D-454E-93F2-C1A18E44E7AC} = {2E1EE0E8-DC9C-4AF0-826C-809DDB792750}
	EndGlobalSection
	GlobalSection(ExtensibilityGlobals) = postSolution
		SolutionGuid = {46E29A98-57CA-4925-B4D2-D1CB0AE9A3F6}
	EndGlobalSection
EndGlobal
